
Microsoft Visual Studio Solution File, Format Version 12.00
# Visual Studio Version 17
VisualStudioVersion = 17.7.34031.279
MinimumVisualStudioVersion = 10.0.40219.1
Project("{9A19103F-16F7-4668-BE54-9A1E7A4F7556}") = "GameWallet", "GameWallet.csproj", "{084B8666-9BBA-440E-9172-35BF83EEBF66}"
EndProject
Project("{2150E333-8FDC-42A3-9474-1A3956D46DE8}") = "Solution Items", "Solution Items", "{7954AC48-D633-4278-9DC5-D3E02A237DCD}"
	ProjectSection(SolutionItems) = preProject
		.editorconfig = .editorconfig
	EndProjectSection
EndProject
Global
	GlobalSection(SolutionConfigurationPlatforms) = preSolution
		Debug|Any CPU = Debug|Any CPU
		Release|Any CPU = Release|Any CPU
	EndGlobalSection
	GlobalSection(ProjectConfigurationPlatforms) = postSolution
		{084B8666-9BBA-440E-9172-35BF83EEBF66}.Debug|Any CPU.ActiveCfg = Debug|Any CPU
		{084B8666-9BBA-440E-9172-35BF83EEBF66}.Debug|Any CPU.Build.0 = Debug|Any CPU
		{084B8666-9BBA-440E-9172-35BF83EEBF66}.Release|Any CPU.ActiveCfg = Release|Any CPU
		{084B8666-9BBA-440E-9172-35BF83EEBF66}.Release|Any CPU.Build.0 = Release|Any CPU
	EndGlobalSection
	GlobalSection(SolutionProperties) = preSolution
		HideSolutionNode = FALSE
	EndGlobalSection
	GlobalSection(ExtensibilityGlobals) = postSolution
		SolutionGuid = {AF733E3C-298B-46E3-B5BC-EC5AD9D5200E}
	EndGlobalSection
EndGlobal
